
Microsoft Visual Studio Solution File, Format Version 12.00
# Visual Studio Version 17
VisualStudioVersion = 17.10.35122.118
MinimumVisualStudioVersion = 10.0.40219.1
Project("{9A19103F-16F7-4668-BE54-9A1E7A4F7556}") = "Order.API", "Order.API\Order.API.csproj", "{8E83D989-50BE-4A04-9D49-A403ED1D420E}"
EndProject
Project("{9A19103F-16F7-4668-BE54-9A1E7A4F7556}") = "Shared", "Shared\Shared.csproj", "{A14F899F-C322-43D1-9A0C-5960CCB2C524}"
EndProject
Project("{9A19103F-16F7-4668-BE54-9A1E7A4F7556}") = "Stock.API", "Stock.API\Stock.API.csproj", "{1255F883-65EC-4A47-83C4-9B95F63E9516}"
EndProject
Project("{FAE04EC0-301F-11D3-BF4B-00C04F79EFBC}") = "Payment.API", "Payment.API\Payment.API.csproj", "{195C3BE9-776D-4BCF-B3A4-495391B9C731}"
EndProject
Global
	GlobalSection(SolutionConfigurationPlatforms) = preSolution
		Debug|Any CPU = Debug|Any CPU
		Release|Any CPU = Release|Any CPU
	EndGlobalSection
	GlobalSection(ProjectConfigurationPlatforms) = postSolution
		{8E83D989-50BE-4A04-9D49-A403ED1D420E}.Debug|Any CPU.ActiveCfg = Debug|Any CPU
		{8E83D989-50BE-4A04-9D49-A403ED1D420E}.Debug|Any CPU.Build.0 = Debug|Any CPU
		{8E83D989-50BE-4A04-9D49-A403ED1D420E}.Release|Any CPU.ActiveCfg = Release|Any CPU
		{8E83D989-50BE-4A04-9D49-A403ED1D420E}.Release|Any CPU.Build.0 = Release|Any CPU
		{A14F899F-C322-43D1-9A0C-5960CCB2C524}.Debug|Any CPU.ActiveCfg = Debug|Any CPU
		{A14F899F-C322-43D1-9A0C-5960CCB2C524}.Debug|Any CPU.Build.0 = Debug|Any CPU
		{A14F899F-C322-43D1-9A0C-5960CCB2C524}.Release|Any CPU.ActiveCfg = Release|Any CPU
		{A14F899F-C322-43D1-9A0C-5960CCB2C524}.Release|Any CPU.Build.0 = Release|Any CPU
		{1255F883-65EC-4A47-83C4-9B95F63E9516}.Debug|Any CPU.ActiveCfg = Debug|Any CPU
		{1255F883-65EC-4A47-83C4-9B95F63E9516}.Debug|Any CPU.Build.0 = Debug|Any CPU
		{1255F883-65EC-4A47-83C4-9B95F63E9516}.Release|Any CPU.ActiveCfg = Release|Any CPU
		{1255F883-65EC-4A47-83C4-9B95F63E9516}.Release|Any CPU.Build.0 = Release|Any CPU
		{195C3BE9-776D-4BCF-B3A4-495391B9C731}.Debug|Any CPU.ActiveCfg = Debug|Any CPU
		{195C3BE9-776D-4BCF-B3A4-495391B9C731}.Debug|Any CPU.Build.0 = Debug|Any CPU
		{195C3BE9-776D-4BCF-B3A4-495391B9C731}.Release|Any CPU.ActiveCfg = Release|Any CPU
		{195C3BE9-776D-4BCF-B3A4-495391B9C731}.Release|Any CPU.Build.0 = Release|Any CPU
	EndGlobalSection
	GlobalSection(SolutionProperties) = preSolution
		HideSolutionNode = FALSE
	EndGlobalSection
	GlobalSection(ExtensibilityGlobals) = postSolution
		SolutionGuid = {451772B1-3E2B-403C-A24E-79453FCA0F08}
	EndGlobalSection
EndGlobal
